
Microsoft Visual Studio Solution File, Format Version 12.00
# Visual Studio Version 16
VisualStudioVersion = 16.0.30503.244
MinimumVisualStudioVersion = 10.0.40219.1
Project("{FAE04EC0-301F-11D3-BF4B-00C04F79EFBC}") = "Concepts", "ConsoleApp1\Concepts.csproj", "{344F2D62-2242-492A-9018-F90F817ADFDE}"
EndProject
Project("{9A19103F-16F7-4668-BE54-9A1E7A4F7556}") = "WebAppCore", "..\Web\WebAppCore\WebAppCore.csproj", "{B0DD184B-CAC2-44A3-9120-4D3B1B90770B}"
EndProject
Global
	GlobalSection(SolutionConfigurationPlatforms) = preSolution
		Debug|Any CPU = Debug|Any CPU
		Release|Any CPU = Release|Any CPU
	EndGlobalSection
	GlobalSection(ProjectConfigurationPlatforms) = postSolution
		{344F2D62-2242-492A-9018-F90F817ADFDE}.Debug|Any CPU.ActiveCfg = Debug|Any CPU
		{344F2D62-2242-492A-9018-F90F817ADFDE}.Debug|Any CPU.Build.0 = Debug|Any CPU
		{344F2D62-2242-492A-9018-F90F817ADFDE}.Release|Any CPU.ActiveCfg = Release|Any CPU
		{344F2D62-2242-492A-9018-F90F817ADFDE}.Release|Any CPU.Build.0 = Release|Any CPU
		{B0DD184B-CAC2-44A3-9120-4D3B1B90770B}.Debug|Any CPU.ActiveCfg = Debug|Any CPU
		{B0DD184B-CAC2-44A3-9120-4D3B1B90770B}.Debug|Any CPU.Build.0 = Debug|Any CPU
		{B0DD184B-CAC2-44A3-9120-4D3B1B90770B}.Release|Any CPU.ActiveCfg = Release|Any CPU
		{B0DD184B-CAC2-44A3-9120-4D3B1B90770B}.Release|Any CPU.Build.0 = Release|Any CPU
	EndGlobalSection
	GlobalSection(SolutionProperties) = preSolution
		HideSolutionNode = FALSE
	EndGlobalSection
	GlobalSection(ExtensibilityGlobals) = postSolution
		SolutionGuid = {8BDA5DD4-9D0F-4347-833E-D84DBAFC8990}
	EndGlobalSection
EndGlobal
